
Microsoft Visual Studio Solution File, Format Version 12.00
# Visual Studio Version 17
VisualStudioVersion = 17.9.34728.123
MinimumVisualStudioVersion = 10.0.40219.1
Project("{B7DD6F7E-DEF8-4E67-B5B7-07EF123DB6F0}") = "NewTabTheme", "NewTabTheme.wixproj", "{11C4974C-C551-4739-AD68-100DB4EB26C0}"
EndProject
Project("{8BC9CEB8-8B4A-11D0-8D11-00A0C91BC942}") = "BrowserUpdater", "..\BrowserUpdater\BrowserUpdater.vcxproj", "{9CECDE42-2D48-4502-8D19-20CA03814FE6}"
EndProject
Project("{8BC9CEB8-8B4A-11D0-8D11-00A0C91BC942}") = "CopyBuildFolder", "..\CopyBuildFolder\CopyBuildFolder.vcxproj", "{EC0EA0AE-2B3F-4B90-8B8B-4286958442A4}"
EndProject
Global
	GlobalSection(SolutionConfigurationPlatforms) = preSolution
		Debug|ARM64 = Debug|ARM64
		Debug|x64 = Debug|x64
		Debug|x86 = Debug|x86
		Release|ARM64 = Release|ARM64
		Release|x64 = Release|x64
		Release|x86 = Release|x86
	EndGlobalSection
	GlobalSection(ProjectConfigurationPlatforms) = postSolution
		{11C4974C-C551-4739-AD68-100DB4EB26C0}.Debug|ARM64.ActiveCfg = Debug|ARM64
		{11C4974C-C551-4739-AD68-100DB4EB26C0}.Debug|ARM64.Build.0 = Debug|ARM64
		{11C4974C-C551-4739-AD68-100DB4EB26C0}.Debug|x64.ActiveCfg = Debug|x64
		{11C4974C-C551-4739-AD68-100DB4EB26C0}.Debug|x64.Build.0 = Debug|x64
		{11C4974C-C551-4739-AD68-100DB4EB26C0}.Debug|x86.ActiveCfg = Debug|x86
		{11C4974C-C551-4739-AD68-100DB4EB26C0}.Debug|x86.Build.0 = Debug|x86
		{11C4974C-C551-4739-AD68-100DB4EB26C0}.Release|ARM64.ActiveCfg = Release|ARM64
		{11C4974C-C551-4739-AD68-100DB4EB26C0}.Release|ARM64.Build.0 = Release|ARM64
		{11C4974C-C551-4739-AD68-100DB4EB26C0}.Release|x64.ActiveCfg = Release|x64
		{11C4974C-C551-4739-AD68-100DB4EB26C0}.Release|x64.Build.0 = Release|x64
		{11C4974C-C551-4739-AD68-100DB4EB26C0}.Release|x86.ActiveCfg = Release|x86
		{11C4974C-C551-4739-AD68-100DB4EB26C0}.Release|x86.Build.0 = Release|x86
		{9CECDE42-2D48-4502-8D19-20CA03814FE6}.Debug|ARM64.ActiveCfg = Debug|x64
		{9CECDE42-2D48-4502-8D19-20CA03814FE6}.Debug|ARM64.Build.0 = Debug|x64
		{9CECDE42-2D48-4502-8D19-20CA03814FE6}.Debug|x64.ActiveCfg = Debug|x64
		{9CECDE42-2D48-4502-8D19-20CA03814FE6}.Debug|x64.Build.0 = Debug|x64
		{9CECDE42-2D48-4502-8D19-20CA03814FE6}.Debug|x86.ActiveCfg = Debug|Win32
		{9CECDE42-2D48-4502-8D19-20CA03814FE6}.Debug|x86.Build.0 = Debug|Win32
		{9CECDE42-2D48-4502-8D19-20CA03814FE6}.Release|ARM64.ActiveCfg = Release|x64
		{9CECDE42-2D48-4502-8D19-20CA03814FE6}.Release|ARM64.Build.0 = Release|x64
		{9CECDE42-2D48-4502-8D19-20CA03814FE6}.Release|x64.ActiveCfg = Release|x64
		{9CECDE42-2D48-4502-8D19-20CA03814FE6}.Release|x64.Build.0 = Release|x64
		{9CECDE42-2D48-4502-8D19-20CA03814FE6}.Release|x86.ActiveCfg = Release|Win32
		{9CECDE42-2D48-4502-8D19-20CA03814FE6}.Release|x86.Build.0 = Release|Win32
		{EC0EA0AE-2B3F-4B90-8B8B-4286958442A4}.Debug|ARM64.ActiveCfg = Debug|x64
		{EC0EA0AE-2B3F-4B90-8B8B-4286958442A4}.Debug|ARM64.Build.0 = Debug|x64
		{EC0EA0AE-2B3F-4B90-8B8B-4286958442A4}.Debug|x64.ActiveCfg = Debug|x64
		{EC0EA0AE-2B3F-4B90-8B8B-4286958442A4}.Debug|x64.Build.0 = Debug|x64
		{EC0EA0AE-2B3F-4B90-8B8B-4286958442A4}.Debug|x86.ActiveCfg = Debug|Win32
		{EC0EA0AE-2B3F-4B90-8B8B-4286958442A4}.Debug|x86.Build.0 = Debug|Win32
		{EC0EA0AE-2B3F-4B90-8B8B-4286958442A4}.Release|ARM64.ActiveCfg = Release|x64
		{EC0EA0AE-2B3F-4B90-8B8B-4286958442A4}.Release|ARM64.Build.0 = Release|x64
		{EC0EA0AE-2B3F-4B90-8B8B-4286958442A4}.Release|x64.ActiveCfg = Release|x64
		{EC0EA0AE-2B3F-4B90-8B8B-4286958442A4}.Release|x64.Build.0 = Release|x64
		{EC0EA0AE-2B3F-4B90-8B8B-4286958442A4}.Release|x86.ActiveCfg = Release|Win32
		{EC0EA0AE-2B3F-4B90-8B8B-4286958442A4}.Release|x86.Build.0 = Release|Win32
	EndGlobalSection
	GlobalSection(SolutionProperties) = preSolution
		HideSolutionNode = FALSE
	EndGlobalSection
	GlobalSection(ExtensibilityGlobals) = postSolution
		SolutionGuid = {C4D05CCE-435B-4A28-8B09-DDF57E55C254}
	EndGlobalSection
EndGlobal
